github.com/coder/websocket v1.8.14 h1:9L0p0iKiNOibykf283eHkKUHHrpG7f65OE3BhhO7v9g=
github.com/coder/websocket v1.8.14/go.mod h1:NX3SzP+inril6yawo5CQXx8+fk145lPDC6pumgx0mVg=
github.com/postgrip-io/agent-sdk-protocol v0.2.1 h1:z+5hmpwbF19nPsEXc3N//GvlyHeW+On0dftLzQD76m4=
github.com/postgrip-io/agent-sdk-protocol v0.2.1/go.mod h1:df2XnW30FdgfXLTUvbLtxnYPylgI7vSa4yztRBQr64Q=
