github.com/coder/websocket v1.8.14 h1:9L0p0iKiNOibykf283eHkKUHHrpG7f65OE3BhhO7v9g=
github.com/coder/websocket v1.8.14/go.mod h1:NX3SzP+inril6yawo5CQXx8+fk145lPDC6pumgx0mVg=
github.com/postgrip-io/agent-sdk-protocol v0.2.0 h1:VEquV9flILxTG9TS+inas4pup0hbZjKWlr9zESzIwEo=
github.com/postgrip-io/agent-sdk-protocol v0.2.0/go.mod h1:df2XnW30FdgfXLTUvbLtxnYPylgI7vSa4yztRBQr64Q=
github.com/postgrip-io/agent-sdk-protocol v0.2.1-0.20260817152203-07f5de31e70b h1:UNBwpIa0vYuOwuFRt4eK8AqK0MB+Rv2vxdxpvQ6Hog0=
github.com/postgrip-io/agent-sdk-protocol v0.2.1-0.20260817152203-07f5de31e70b/go.mod h1:df2XnW30FdgfXLTUvbLtxnYPylgI7vSa4yztRBQr64Q=
