github.com/coder/websocket v1.8.14 h1:9L0p0iKiNOibykf283eHkKUHHrpG7f65OE3BhhO7v9g=
github.com/coder/websocket v1.8.14/go.mod h1:NX3SzP+inril6yawo5CQXx8+fk145lPDC6pumgx0mVg=
github.com/postgrip-io/postgrip-agent-sdks/protocol v0.3.0 h1:oYoZV7ASYFLEEHLR01bWuzyEYlB/iXKR7xHxnRorjE0=
github.com/postgrip-io/postgrip-agent-sdks/protocol v0.3.0/go.mod h1:3p01a0cFIg1g5/3zmq/JeNJiqmdzT7Tneu78CG8ty0Y=
